
Microsoft Visual Studio Solution File, Format Version 12.00
# Visual Studio 15
VisualStudioVersion = 15.0.27428.2043
MinimumVisualStudioVersion = 10.0.40219.1
Project("{FAE04EC0-301F-11D3-BF4B-00C04F79EFBC}") = "S02_01Presentacion", "S02_01Presentacion\S02_01Presentacion.csproj", "{E58A93FF-0A4E-4A11-8C0E-2BD48661BFD5}"
EndProject
Project("{FAE04EC0-301F-11D3-BF4B-00C04F79EFBC}") = "S02_02LogicaNegocio", "S02_02LogicaNegocio\S02_02LogicaNegocio.csproj", "{C866A6B0-6744-493F-BF3C-A79D3DF43841}"
EndProject
Project("{FAE04EC0-301F-11D3-BF4B-00C04F79EFBC}") = "S02_03AccedoDatos", "S02_03AccedoDatos\S02_03AccedoDatos.csproj", "{6B3C2A19-0D0E-4196-B6D6-BF9526B1AE55}"
EndProject
Project("{FAE04EC0-301F-11D3-BF4B-00C04F79EFBC}") = "S02_04Entidades", "S02_04Entidades\S02_04Entidades.csproj", "{33E95055-9E90-495D-9524-0EF0959DDE43}"
EndProject
Global
	GlobalSection(SolutionConfigurationPlatforms) = preSolution
		Debug|Any CPU = Debug|Any CPU
		Release|Any CPU = Release|Any CPU
	EndGlobalSection
	GlobalSection(ProjectConfigurationPlatforms) = postSolution
		{E58A93FF-0A4E-4A11-8C0E-2BD48661BFD5}.Debug|Any CPU.ActiveCfg = Debug|Any CPU
		{E58A93FF-0A4E-4A11-8C0E-2BD48661BFD5}.Debug|Any CPU.Build.0 = Debug|Any CPU
		{E58A93FF-0A4E-4A11-8C0E-2BD48661BFD5}.Release|Any CPU.ActiveCfg = Release|Any CPU
		{E58A93FF-0A4E-4A11-8C0E-2BD48661BFD5}.Release|Any CPU.Build.0 = Release|Any CPU
		{C866A6B0-6744-493F-BF3C-A79D3DF43841}.Debug|Any CPU.ActiveCfg = Debug|Any CPU
		{C866A6B0-6744-493F-BF3C-A79D3DF43841}.Debug|Any CPU.Build.0 = Debug|Any CPU
		{C866A6B0-6744-493F-BF3C-A79D3DF43841}.Release|Any CPU.ActiveCfg = Release|Any CPU
		{C866A6B0-6744-493F-BF3C-A79D3DF43841}.Release|Any CPU.Build.0 = Release|Any CPU
		{6B3C2A19-0D0E-4196-B6D6-BF9526B1AE55}.Debug|Any CPU.ActiveCfg = Debug|Any CPU
		{6B3C2A19-0D0E-4196-B6D6-BF9526B1AE55}.Debug|Any CPU.Build.0 = Debug|Any CPU
		{6B3C2A19-0D0E-4196-B6D6-BF9526B1AE55}.Release|Any CPU.ActiveCfg = Release|Any CPU
		{6B3C2A19-0D0E-4196-B6D6-BF9526B1AE55}.Release|Any CPU.Build.0 = Release|Any CPU
		{33E95055-9E90-495D-9524-0EF0959DDE43}.Debug|Any CPU.ActiveCfg = Debug|Any CPU
		{33E95055-9E90-495D-9524-0EF0959DDE43}.Debug|Any CPU.Build.0 = Debug|Any CPU
		{33E95055-9E90-495D-9524-0EF0959DDE43}.Release|Any CPU.ActiveCfg = Release|Any CPU
		{33E95055-9E90-495D-9524-0EF0959DDE43}.Release|Any CPU.Build.0 = Release|Any CPU
	EndGlobalSection
	GlobalSection(SolutionProperties) = preSolution
		HideSolutionNode = FALSE
	EndGlobalSection
	GlobalSection(ExtensibilityGlobals) = postSolution
		SolutionGuid = {E32EE2C2-D985-4A77-A115-892147CABFB6}
	EndGlobalSection
EndGlobal
